{
  "name": "find-my-ip-cli",
  "version": "2.0.1",
  "lockfileVersion": 1,
  "requires": true,
  "dependencies": {
    "acejax": {
      "version": "1.0.1",
      "resolved": "https://registry.npmjs.org/acejax/-/acejax-1.0.1.tgz",
      "integrity": "sha512-WzOc1rjtWEFukZyYXTuOC7nCNy1HZJkWJ+aRFq8VExaWM6xeZktd1gnGj8JzgXgYMqAvPjd6g6UHeqRtTGndug=="
    },
    "args-flagify": {
      "version": "2.1.0",
      "resolved": "https://registry.npmjs.org/args-flagify/-/args-flagify-2.1.0.tgz",
      "integrity": "sha512-DDKvBM1/70teIEVgLg2FRjquvQI25psB3f4WQOyWTrVhvw/p2CE9sfhDGqXqCuQaXQv+bvoJCDUJRiJdY4WoyA=="
    },
    "prettier": {
      "version": "1.19.1",
      "resolved": "https://registry.npmjs.org/prettier/-/prettier-1.19.1.tgz",
      "integrity": "sha512-s7PoyDv/II1ObgQunCbB9PdLmUcBZcnWOcxDh7O0N/UwDEsHyqkW+Qh28jW+mVuCdx7gLB0BotYI1Y6uI9iyew==",
      "dev": true
    }
  }
}
